
Microsoft Visual Studio Solution File, Format Version 12.00
# Visual Studio Version 17
VisualStudioVersion = 17.4.33205.214
MinimumVisualStudioVersion = 10.0.40219.1
Project("{FAE04EC0-301F-11D3-BF4B-00C04F79EFBC}") = "CustomerInformationSystem", "CustomerInformationSystem\CustomerInformationSystem.csproj", "{253AC2AF-B003-4C6A-8237-B88F63699CDF}"
EndProject
Global
	GlobalSection(SolutionConfigurationPlatforms) = preSolution
		Debug|Any CPU = Debug|Any CPU
		Release|Any CPU = Release|Any CPU
	EndGlobalSection
	GlobalSection(ProjectConfigurationPlatforms) = postSolution
		{253AC2AF-B003-4C6A-8237-B88F63699CDF}.Debug|Any CPU.ActiveCfg = Debug|Any CPU
		{253AC2AF-B003-4C6A-8237-B88F63699CDF}.Debug|Any CPU.Build.0 = Debug|Any CPU
		{253AC2AF-B003-4C6A-8237-B88F63699CDF}.Release|Any CPU.ActiveCfg = Release|Any CPU
		{253AC2AF-B003-4C6A-8237-B88F63699CDF}.Release|Any CPU.Build.0 = Release|Any CPU
	EndGlobalSection
	GlobalSection(SolutionProperties) = preSolution
		HideSolutionNode = FALSE
	EndGlobalSection
	GlobalSection(ExtensibilityGlobals) = postSolution
		SolutionGuid = {CC249ED1-0815-4825-9624-E8F1EDB689B0}
	EndGlobalSection
EndGlobal
